// !$*UTF8*$!
{
	archiveVersion = 1;
	classes = {
	};
	objectVersion = 46;
	objects = {

/* Begin PBXBuildFile section */
		C56A3F7C1C6CB517002897FA /* AppDelegate.swift in Sources */ = {isa = PBXBuildFile; fileRef = C56A3F7B1C6CB517002897FA /* AppDelegate.swift */; };
		C56A3F7E1C6CB517002897FA /* ViewController.swift in Sources */ = {isa = PBXBuildFile; fileRef = C56A3F7D1C6CB517002897FA /* ViewController.swift */; };
		C56A3F811C6CB517002897FA /* Main.storyboard in Resources */ = {isa = PBXBuildFile; fileRef = C56A3F7F1C6CB517002897FA /* Main.storyboard */; };
		C56A3F841C6CB517002897FA /* DoctorsApp.xcdatamodeld in Sources */ = {isa = PBXBuildFile; fileRef = C56A3F821C6CB517002897FA /* DoctorsApp.xcdatamodeld */; };
		C56A3F861C6CB517002897FA /* Assets.xcassets in Resources */ = {isa = PBXBuildFile; fileRef = C56A3F851C6CB517002897FA /* Assets.xcassets */; };
		C56A3F891C6CB517002897FA /* LaunchScreen.storyboard in Resources */ = {isa = PBXBuildFile; fileRef = C56A3F871C6CB517002897FA /* LaunchScreen.storyboard */; };
		C56A3F941C6CB517002897FA /* DoctorsAppTests.swift in Sources */ = {isa = PBXBuildFile; fileRef = C56A3F931C6CB517002897FA /* DoctorsAppTests.swift */; };
		C56A3F9F1C6CB518002897FA /* DoctorsAppUITests.swift in Sources */ = {isa = PBXBuildFile; fileRef = C56A3F9E1C6CB518002897FA /* DoctorsAppUITests.swift */; };
/* End PBXBuildFile section */

/* Begin PBXContainerItemProxy section */
		C56A3F901C6CB517002897FA /* PBXContainerItemProxy */ = {
			isa = PBXContainerItemProxy;
			containerPortal = C56A3F701C6CB517002897FA /* Project object */;
			proxyType = 1;
			remoteGlobalIDString = C56A3F771C6CB517002897FA;
			remoteInfo = DoctorsApp;
		};
		C56A3F9B1C6CB518002897FA /* PBXContainerItemProxy */ = {
			isa = PBXContainerItemProxy;
			containerPortal = C56A3F701C6CB517002897FA /* Project object */;
			proxyType = 1;
			remoteGlobalIDString = C56A3F771C6CB517002897FA;
			remoteInfo = DoctorsApp;
		};
/* End PBXContainerItemProxy section */

/* Begin PBXFileReference section */
		C56A3F781C6CB517002897FA /* DoctorsApp.app */ = {isa = PBXFileReference; explicitFileType = wrapper.application; includeInIndex = 0; path = DoctorsApp.app; sourceTree = BUILT_PRODUCTS_DIR; };
		C56A3F7B1C6CB517002897FA /* AppDelegate.swift */ = {isa = PBXFileReference; lastKnownFileType = sourcecode.swift; path = AppDelegate.swift; sourceTree = "<group>"; };
		C56A3F7D1C6CB517002897FA /* ViewController.swift */ = {isa = PBXFileReference; lastKnownFileType = sourcecode.swift; path = ViewController.swift; sourceTree = "<group>"; };
		C56A3F801C6CB517002897FA /* Base */ = {isa = PBXFileReference; lastKnownFileType = file.storyboard; name = Base; path = Base.lproj/Main.storyboard; sourceTree = "<group>"; };
		C56A3F831C6CB517002897FA /* DoctorsApp.xcdatamodel */ = {isa = PBXFileReference; lastKnownFileType = wrapper.xcdatamodel; path = DoctorsApp.xcdatamodel; sourceTree = "<group>"; };
		C56A3F851C6CB517002897FA /* Assets.xcassets */ = {isa = PBXFileReference; lastKnownFileType = folder.assetcatalog; path = Assets.xcassets; sourceTree = "<group>"; };
		C56A3F881C6CB517002897FA /* Base */ = {isa = PBXFileReference; lastKnownFileType = file.storyboard; name = Base; path = Base.lproj/LaunchScreen.storyboard; sourceTree = "<group>"; };
		C56A3F8A1C6CB517002897FA /* Info.plist */ = {isa = PBXFileReference; lastKnownFileType = text.plist.xml; path = Info.plist; sourceTree = "<group>"; };
		C56A3F8F1C6CB517002897FA /* DoctorsAppTests.xctest */ = {isa = PBXFileReference; explicitFileType = wrapper.cfbundle; includeInIndex = 0; path = DoctorsAppTests.xctest; sourceTree = BUILT_PRODUCTS_DIR; };
		C56A3F931C6CB517002897FA /* DoctorsAppTests.swift */ = {isa = PBXFileReference; lastKnownFileType = sourcecode.swift; path = DoctorsAppTests.swift; sourceTree = "<group>"; };
		C56A3F951C6CB517002897FA /* Info.plist */ = {isa = PBXFileReference; lastKnownFileType = text.plist.xml; path = Info.plist; sourceTree = "<group>"; };
		C56A3F9A1C6CB518002897FA /* DoctorsAppUITests.xctest */ = {isa = PBXFileReference; explicitFileType = wrapper.cfbundle; includeInIndex = 0; path = DoctorsAppUITests.xctest; sourceTree = BUILT_PRODUCTS_DIR; };
		C56A3F9E1C6CB518002897FA /* DoctorsAppUITests.swift */ = {isa = PBXFileReference; lastKnownFileType = sourcecode.swift; path = DoctorsAppUITests.swift; sourceTree = "<group>"; };
		C56A3FA01C6CB518002897FA /* Info.plist */ = {isa = PBXFileReference; lastKnownFileType = text.plist.xml; path = Info.plist; sourceTree = "<group>"; };
/* End PBXFileReference section */

/* Begin PBXFrameworksBuildPhase section */
		C56A3F751C6CB517002897FA /* Frameworks */ = {
			isa = PBXFrameworksBuildPhase;
			buildActionMask = 2147483647;
			files = (
			);
			runOnlyForDeploymentPostprocessing = 0;
		};
		C56A3F8C1C6CB517002897FA /* Frameworks */ = {
			isa = PBXFrameworksBuildPhase;
			buildActionMask = 2147483647;
			files = (
			);
			runOnlyForDeploymentPostprocessing = 0;
		};
		C56A3F971C6CB517002897FA /* Frameworks */ = {
			isa = PBXFrameworksBuildPhase;
			buildActionMask = 2147483647;
			files = (
			);
			runOnlyForDeploymentPostprocessing = 0;
		};
/* End PBXFrameworksBuildPhase section */

/* Begin PBXGroup section */
		C56A3F6F1C6CB517002897FA = {
			isa = PBXGroup;
			children = (
				C56A3F7A1C6CB517002897FA /* DoctorsApp */,
				C56A3F921C6CB517002897FA /* DoctorsAppTests */,
				C56A3F9D1C6CB518002897FA /* DoctorsAppUITests */,
				C56A3F791C6CB517002897FA /* Products */,
			);
			sourceTree = "<group>";
		};
		C56A3F791C6CB517002897FA /* Products */ = {
			isa = PBXGroup;
			children = (
				C56A3F781C6CB517002897FA /* DoctorsApp.app */,
				C56A3F8F1C6CB517002897FA /* DoctorsAppTests.xctest */,
				C56A3F9A1C6CB518002897FA /* DoctorsAppUITests.xctest */,
			);
			name = Products;
			sourceTree = "<group>";
		};
		C56A3F7A1C6CB517002897FA /* DoctorsApp */ = {
			isa = PBXGroup;
			children = (
				C56A3F7B1C6CB517002897FA /* AppDelegate.swift */,
				C56A3F7D1C6CB517002897FA /* ViewController.swift */,
				C56A3F7F1C6CB517002897FA /* Main.storyboard */,
				C56A3F851C6CB517002897FA /* Assets.xcassets */,
				C56A3F871C6CB517002897FA /* LaunchScreen.storyboard */,
				C56A3F8A1C6CB517002897FA /* Info.plist */,
				C56A3F821C6CB517002897FA /* DoctorsApp.xcdatamodeld */,
			);
			path = DoctorsApp;
			sourceTree = "<group>";
		};
		C56A3F921C6CB517002897FA /* DoctorsAppTests */ = {
			isa = PBXGroup;
			children = (
				C56A3F931C6CB517002897FA /* DoctorsAppTests.swift */,
				C56A3F951C6CB517002897FA /* Info.plist */,
			);
			path = DoctorsAppTests;
			sourceTree = "<group>";
		};
		C56A3F9D1C6CB518002897FA /* DoctorsAppUITests */ = {
			isa = PBXGroup;
			children = (
				C56A3F9E1C6CB518002897FA /* DoctorsAppUITests.swift */,
				C56A3FA01C6CB518002897FA /* Info.plist */,
			);
			path = DoctorsAppUITests;
			sourceTree = "<group>";
		};
/* End PBXGroup section */

/* Begin PBXNativeTarget section */
		C56A3F771C6CB517002897FA /* DoctorsApp */ = {
			isa = PBXNativeTarget;
			buildConfigurationList = C56A3FA31C6CB518002897FA /* Build configuration list for PBXNativeTarget "DoctorsApp" */;
			buildPhases = (
				C56A3F741C6CB517002897FA /* Sources */,
				C56A3F751C6CB517002897FA /* Frameworks */,
				C56A3F761C6CB517002897FA /* Resources */,
			);
			buildRules = (
			);
			dependencies = (
			);
			name = DoctorsApp;
			productName = DoctorsApp;
			productReference = C56A3F781C6CB517002897FA /* DoctorsApp.app */;
			productType = "com.apple.product-type.application";
		};
		C56A3F8E1C6CB517002897FA /* DoctorsAppTests */ = {
			isa = PBXNativeTarget;
			buildConfigurationList = C56A3FA61C6CB518002897FA /* Build configuration list for PBXNativeTarget "DoctorsAppTests" */;
			buildPhases = (
				C56A3F8B1C6CB517002897FA /* Sources */,
				C56A3F8C1C6CB517002897FA /* Frameworks */,
				C56A3F8D1C6CB517002897FA /* Resources */,
			);
			buildRules = (
			);
			dependencies = (
				C56A3F911C6CB517002897FA /* PBXTargetDependency */,
			);
			name = DoctorsAppTests;
			productName = DoctorsAppTests;
			productReference = C56A3F8F1C6CB517002897FA /* DoctorsAppTests.xctest */;
			productType = "com.apple.product-type.bundle.unit-test";
		};
		C56A3F991C6CB517002897FA /* DoctorsAppUITests */ = {
			isa = PBXNativeTarget;
			buildConfigurationList = C56A3FA91C6CB518002897FA /* Build configuration list for PBXNativeTarget "DoctorsAppUITests" */;
			buildPhases = (
				C56A3F961C6CB517002897FA /* Sources */,
				C56A3F971C6CB517002897FA /* Frameworks */,
				C56A3F981C6CB517002897FA /* Resources */,
			);
			buildRules = (
			);
			dependencies = (
				C56A3F9C1C6CB518002897FA /* PBXTargetDependency */,
			);
			name = DoctorsAppUITests;
			productName = DoctorsAppUITests;
			productReference = C56A3F9A1C6CB518002897FA /* DoctorsAppUITests.xctest */;
			productType = "com.apple.product-type.bundle.ui-testing";
		};
/* End PBXNativeTarget section */

/* Begin PBXProject section */
		C56A3F701C6CB517002897FA /* Project object */ = {
			isa = PBXProject;
			attributes = {
				LastSwiftUpdateCheck = 0710;
				LastUpgradeCheck = 0710;
				ORGANIZATIONNAME = "Jonathan Decorion";
				TargetAttributes = {
					C56A3F771C6CB517002897FA = {
						CreatedOnToolsVersion = 7.1;
					};
					C56A3F8E1C6CB517002897FA = {
						CreatedOnToolsVersion = 7.1;
						TestTargetID = C56A3F771C6CB517002897FA;
					};
					C56A3F991C6CB517002897FA = {
						CreatedOnToolsVersion = 7.1;
						TestTargetID = C56A3F771C6CB517002897FA;
					};
				};
			};
			buildConfigurationList = C56A3F731C6CB517002897FA /* Build configuration list for PBXProject "DoctorsApp" */;
			compatibilityVersion = "Xcode 3.2";
			developmentRegion = English;
			hasScannedForEncodings = 0;
			knownRegions = (
				en,
				Base,
			);
			mainGroup = C56A3F6F1C6CB517002897FA;
			productRefGroup = C56A3F791C6CB517002897FA /* Products */;
			projectDirPath = "";
			projectRoot = "";
			targets = (
				C56A3F771C6CB517002897FA /* DoctorsApp */,
				C56A3F8E1C6CB517002897FA /* DoctorsAppTests */,
				C56A3F991C6CB517002897FA /* DoctorsAppUITests */,
			);
		};
/* End PBXProject section */

/* Begin PBXResourcesBuildPhase section */
		C56A3F761C6CB517002897FA /* Resources */ = {
			isa = PBXResourcesBuildPhase;
			buildActionMask = 2147483647;
			files = (
				C56A3F891C6CB517002897FA /* LaunchScreen.storyboard in Resources */,
				C56A3F861C6CB517002897FA /* Assets.xcassets in Resources */,
				C56A3F811C6CB517002897FA /* Main.storyboard in Resources */,
			);
			runOnlyForDeploymentPostprocessing = 0;
		};
		C56A3F8D1C6CB517002897FA /* Resources */ = {
			isa = PBXResourcesBuildPhase;
			buildActionMask = 2147483647;
			files = (
			);
			runOnlyForDeploymentPostprocessing = 0;
		};
		C56A3F981C6CB517002897FA /* Resources */ = {
			isa = PBXResourcesBuildPhase;
			buildActionMask = 2147483647;
			files = (
			);
			runOnlyForDeploymentPostprocessing = 0;
		};
/* End PBXResourcesBuildPhase section */

/* Begin PBXSourcesBuildPhase section */
		C56A3F741C6CB517002897FA /* Sources */ = {
			isa = PBXSourcesBuildPhase;
			buildActionMask = 2147483647;
			files = (
				C56A3F7E1C6CB517002897FA /* ViewController.swift in Sources */,
				C56A3F841C6CB517002897FA /* DoctorsApp.xcdatamodeld in Sources */,
				C56A3F7C1C6CB517002897FA /* AppDelegate.swift in Sources */,
			);
			runOnlyForDeploymentPostprocessing = 0;
		};
		C56A3F8B1C6CB517002897FA /* Sources */ = {
			isa = PBXSourcesBuildPhase;
			buildActionMask = 2147483647;
			files = (
				C56A3F941C6CB517002897FA /* DoctorsAppTests.swift in Sources */,
			);
			runOnlyForDeploymentPostprocessing = 0;
		};
		C56A3F961C6CB517002897FA /* Sources */ = {
			isa = PBXSourcesBuildPhase;
			buildActionMask = 2147483647;
			files = (
				C56A3F9F1C6CB518002897FA /* DoctorsAppUITests.swift in Sources */,
			);
			runOnlyForDeploymentPostprocessing = 0;
		};
/* End PBXSourcesBuildPhase section */

/* Begin PBXTargetDependency section */
		C56A3F911C6CB517002897FA /* PBXTargetDependency */ = {
			isa = PBXTargetDependency;
			target = C56A3F771C6CB517002897FA /* DoctorsApp */;
			targetProxy = C56A3F901C6CB517002897FA /* PBXContainerItemProxy */;
		};
		C56A3F9C1C6CB518002897FA /* PBXTargetDependency */ = {
			isa = PBXTargetDependency;
			target = C56A3F771C6CB517002897FA /* DoctorsApp */;
			targetProxy = C56A3F9B1C6CB518002897FA /* PBXContainerItemProxy */;
		};
/* End PBXTargetDependency section */

/* Begin PBXVariantGroup section */
		C56A3F7F1C6CB517002897FA /* Main.storyboard */ = {
			isa = PBXVariantGroup;
			children = (
				C56A3F801C6CB517002897FA /* Base */,
			);
			name = Main.storyboard;
			sourceTree = "<group>";
		};
		C56A3F871C6CB517002897FA /* LaunchScreen.storyboard */ = {
			isa = PBXVariantGroup;
			children = (
				C56A3F881C6CB517002897FA /* Base */,
			);
			name = LaunchScreen.storyboard;
			sourceTree = "<group>";
		};
/* End PBXVariantGroup section */

/* Begin XCBuildConfiguration section */
		C56A3FA11C6CB518002897FA /* Debug */ = {
			isa = XCBuildConfiguration;
			buildSettings = {
				ALWAYS_SEARCH_USER_PATHS = NO;
				CLANG_CXX_LANGUAGE_STANDARD = "gnu++0x";
				CLANG_CXX_LIBRARY = "libc++";
				CLANG_ENABLE_MODULES = YES;
				CLANG_ENABLE_OBJC_ARC = YES;
				CLANG_WARN_BOOL_CONVERSION = YES;
				CLANG_WARN_CONSTANT_CONVERSION = YES;
				CLANG_WARN_DIRECT_OBJC_ISA_USAGE = YES_ERROR;
				CLANG_WARN_EMPTY_BODY = YES;
				CLANG_WARN_ENUM_CONVERSION = YES;
				CLANG_WARN_INT_CONVERSION = YES;
				CLANG_WARN_OBJC_ROOT_CLASS = YES_ERROR;
				CLANG_WARN_UNREACHABLE_CODE = YES;
				CLANG_WARN__DUPLICATE_METHOD_MATCH = YES;
				"CODE_SIGN_IDENTITY[sdk=iphoneos*]" = "iPhone Developer";
				COPY_PHASE_STRIP = NO;
				DEBUG_INFORMATION_FORMAT = dwarf;
				ENABLE_STRICT_OBJC_MSGSEND = YES;
				ENABLE_TESTABILITY = YES;
				GCC_C_LANGUAGE_STANDARD = gnu99;
				GCC_DYNAMIC_NO_PIC = NO;
				GCC_NO_COMMON_BLOCKS = YES;
				GCC_OPTIMIZATION_LEVEL = 0;
				GCC_PREPROCESSOR_DEFINITIONS = (
					"DEBUG=1",
					"$(inherited)",
				);
				GCC_WARN_64_TO_32_BIT_CONVERSION = YES;
				GCC_WARN_ABOUT_RETURN_TYPE = YES_ERROR;
				GCC_WARN_UNDECLARED_SELECTOR = YES;
				GCC_WARN_UNINITIALIZED_AUTOS = YES_AGGRESSIVE;
				GCC_WARN_UNUSED_FUNCTION = YES;
				GCC_WARN_UNUSED_VARIABLE = YES;
				IPHONEOS_DEPLOYMENT_TARGET = 9.1;
				MTL_ENABLE_DEBUG_INFO = YES;
				ONLY_ACTIVE_ARCH = YES;
				SDKROOT = iphoneos;
				SWIFT_OPTIMIZATION_LEVEL = "-Onone";
				TARGETED_DEVICE_FAMILY = "1,2";
			};
			name = Debug;
		};
		C56A3FA21C6CB518002897FA /* Release */ = {
			isa = XCBuildConfiguration;
			buildSettings = {
				ALWAYS_SEARCH_USER_PATHS = NO;
				CLANG_CXX_LANGUAGE_STANDARD = "gnu++0x";
				CLANG_CXX_LIBRARY = "libc++";
				CLANG_ENABLE_MODULES = YES;
				CLANG_ENABLE_OBJC_ARC = YES;
				CLANG_WARN_BOOL_CONVERSION = YES;
				CLANG_WARN_CONSTANT_CONVERSION = YES;
				CLANG_WARN_DIRECT_OBJC_ISA_USAGE = YES_ERROR;
				CLANG_WARN_EMPTY_BODY = YES;
				CLANG_WARN_ENUM_CONVERSION = YES;
				CLANG_WARN_INT_CONVERSION = YES;
				CLANG_WARN_OBJC_ROOT_CLASS = YES_ERROR;
				CLANG_WARN_UNREACHABLE_CODE = YES;
				CLANG_WARN__DUPLICATE_METHOD_MATCH = YES;
				"CODE_SIGN_IDENTITY[sdk=iphoneos*]" = "iPhone Developer";
				COPY_PHASE_STRIP = NO;
				DEBUG_INFORMATION_FORMAT = "dwarf-with-dsym";
				ENABLE_NS_ASSERTIONS = NO;
				ENABLE_STRICT_OBJC_MSGSEND = YES;
				GCC_C_LANGUAGE_STANDARD = gnu99;
				GCC_NO_COMMON_BLOCKS = YES;
				GCC_WARN_64_TO_32_BIT_CONVERSION = YES;
				GCC_WARN_ABOUT_RETURN_TYPE = YES_ERROR;
				GCC_WARN_UNDECLARED_SELECTOR = YES;
				GCC_WARN_UNINITIALIZED_AUTOS = YES_AGGRESSIVE;
				GCC_WARN_UNUSED_FUNCTION = YES;
				GCC_WARN_UNUSED_VARIABLE = YES;
				IPHONEOS_DEPLOYMENT_TARGET = 9.1;
				MTL_ENABLE_DEBUG_INFO = NO;
				SDKROOT = iphoneos;
				TARGETED_DEVICE_FAMILY = "1,2";
				VALIDATE_PRODUCT = YES;
			};
			name = Release;
		};
		C56A3FA41C6CB518002897FA /* Debug */ = {
			isa = XCBuildConfiguration;
			buildSettings = {
				ASSETCATALOG_COMPILER_APPICON_NAME = AppIcon;
				INFOPLIST_FILE = DoctorsApp/Info.plist;
				LD_RUNPATH_SEARCH_PATHS = "$(inherited) @executable_path/Frameworks";
				PRODUCT_BUNDLE_IDENTIFIER = com.jonathandecorion.DoctorsApp;
				PRODUCT_NAME = "$(TARGET_NAME)";
			};
			name = Debug;
		};
		C56A3FA51C6CB518002897FA /* Release */ = {
			isa = XCBuildConfiguration;
			buildSettings = {
				ASSETCATALOG_COMPILER_APPICON_NAME = AppIcon;
				INFOPLIST_FILE = DoctorsApp/Info.plist;
				LD_RUNPATH_SEARCH_PATHS = "$(inherited) @executable_path/Frameworks";
				PRODUCT_BUNDLE_IDENTIFIER = com.jonathandecorion.DoctorsApp;
				PRODUCT_NAME = "$(TARGET_NAME)";
			};
			name = Release;
		};
		C56A3FA71C6CB518002897FA /* Debug */ = {
			isa = XCBuildConfiguration;
			buildSettings = {
				BUNDLE_LOADER = "$(TEST_HOST)";
				INFOPLIST_FILE = DoctorsAppTests/Info.plist;
				LD_RUNPATH_SEARCH_PATHS = "$(inherited) @executable_path/Frameworks @loader_path/Frameworks";
				PRODUCT_BUNDLE_IDENTIFIER = com.jonathandecorion.DoctorsAppTests;
				PRODUCT_NAME = "$(TARGET_NAME)";
				TEST_HOST = "$(BUILT_PRODUCTS_DIR)/DoctorsApp.app/DoctorsApp";
			};
			name = Debug;
		};
		C56A3FA81C6CB518002897FA /* Release */ = {
			isa = XCBuildConfiguration;
			buildSettings = {
				BUNDLE_LOADER = "$(TEST_HOST)";
				INFOPLIST_FILE = DoctorsAppTests/Info.plist;
				LD_RUNPATH_SEARCH_PATHS = "$(inherited) @executable_path/Frameworks @loader_path/Frameworks";
				PRODUCT_BUNDLE_IDENTIFIER = com.jonathandecorion.DoctorsAppTests;
				PRODUCT_NAME = "$(TARGET_NAME)";
				TEST_HOST = "$(BUILT_PRODUCTS_DIR)/DoctorsApp.app/DoctorsApp";
			};
			name = Release;
		};
		C56A3FAA1C6CB518002897FA /* Debug */ = {
			isa = XCBuildConfiguration;
			buildSettings = {
				INFOPLIST_FILE = DoctorsAppUITests/Info.plist;
				LD_RUNPATH_SEARCH_PATHS = "$(inherited) @executable_path/Frameworks @loader_path/Frameworks";
				PRODUCT_BUNDLE_IDENTIFIER = com.jonathandecorion.DoctorsAppUITests;
				PRODUCT_NAME = "$(TARGET_NAME)";
				TEST_TARGET_NAME = DoctorsApp;
				USES_XCTRUNNER = YES;
			};
			name = Debug;
		};
		C56A3FAB1C6CB518002897FA /* Release */ = {
			isa = XCBuildConfiguration;
			buildSettings = {
				INFOPLIST_FILE = DoctorsAppUITests/Info.plist;
				LD_RUNPATH_SEARCH_PATHS = "$(inherited) @executable_path/Frameworks @loader_path/Frameworks";
				PRODUCT_BUNDLE_IDENTIFIER = com.jonathandecorion.DoctorsAppUITests;
				PRODUCT_NAME = "$(TARGET_NAME)";
				TEST_TARGET_NAME = DoctorsApp;
				USES_XCTRUNNER = YES;
			};
			name = Release;
		};
/* End XCBuildConfiguration section */

/* Begin XCConfigurationList section */
		C56A3F731C6CB517002897FA /* Build configuration list for PBXProject "DoctorsApp" */ = {
			isa = XCConfigurationList;
			buildConfigurations = (
				C56A3FA11C6CB518002897FA /* Debug */,
				C56A3FA21C6CB518002897FA /* Release */,
			);
			defaultConfigurationIsVisible = 0;
			defaultConfigurationName = Release;
		};
		C56A3FA31C6CB518002897FA /* Build configuration list for PBXNativeTarget "DoctorsApp" */ = {
			isa = XCConfigurationList;
			buildConfigurations = (
				C56A3FA41C6CB518002897FA /* Debug */,
				C56A3FA51C6CB518002897FA /* Release */,
			);
			defaultConfigurationIsVisible = 0;
		};
		C56A3FA61C6CB518002897FA /* Build configuration list for PBXNativeTarget "DoctorsAppTests" */ = {
			isa = XCConfigurationList;
			buildConfigurations = (
				C56A3FA71C6CB518002897FA /* Debug */,
				C56A3FA81C6CB518002897FA /* Release */,
			);
			defaultConfigurationIsVisible = 0;
		};
		C56A3FA91C6CB518002897FA /* Build configuration list for PBXNativeTarget "DoctorsAppUITests" */ = {
			isa = XCConfigurationList;
			buildConfigurations = (
				C56A3FAA1C6CB518002897FA /* Debug */,
				C56A3FAB1C6CB518002897FA /* Release */,
			);
			defaultConfigurationIsVisible = 0;
		};
/* End XCConfigurationList section */

/* Begin XCVersionGroup section */
		C56A3F821C6CB517002897FA /* DoctorsApp.xcdatamodeld */ = {
			isa = XCVersionGroup;
			children = (
				C56A3F831C6CB517002897FA /* DoctorsApp.xcdatamodel */,
			);
			currentVersion = C56A3F831C6CB517002897FA /* DoctorsApp.xcdatamodel */;
			path = DoctorsApp.xcdatamodeld;
			sourceTree = "<group>";
			versionGroupType = wrapper.xcdatamodel;
		};
/* End XCVersionGroup section */
	};
	rootObject = C56A3F701C6CB517002897FA /* Project object */;
}
